# Code generated by scarb DO NOT EDIT.
version = 1

[[package]]
name = "dojo"
version = "1.4.1"
source = "git+https://github.com/dojoengine/dojo?tag=v1.4.1#0fab6ed063a56ca6049b51117e46e3e8acf237fa"
dependencies = [
 "dojo_plugin",
]

[[package]]
name = "dojo_plugin"
version = "2.9.4"
source = "git+https://github.com/dojoengine/dojo?tag=v1.4.1#0fab6ed063a56ca6049b51117e46e3e8acf237fa"

[[package]]
name = "types_test"
version = "1.4.1"
dependencies = [
 "dojo",
]
