# Code generated by scarb DO NOT EDIT.
version = 1

[[package]]
name = "dojo"
version = "1.6.0-alpha.1"
source = "git+https://github.com/dojoengine/dojo?rev=4cedf3f52#4cedf3f52d2ed1505cd66bfac5e5cf3225ebdf39"
dependencies = [
 "dojo_macros",
]

[[package]]
name = "dojo_macros"
version = "1.6.0-alpha.1"
source = "git+https://github.com/dojoengine/dojo?rev=4cedf3f52#4cedf3f52d2ed1505cd66bfac5e5cf3225ebdf39"

[[package]]
name = "types_test"
version = "1.6.0-alpha.1"
dependencies = [
 "dojo",
 "dojo_macros",
]
